
Microsoft Visual Studio Solution File, Format Version 12.00
# Visual Studio 15
VisualStudioVersion = 15.0.28307.271
MinimumVisualStudioVersion = 10.0.40219.1
Project("{FAE04EC0-301F-11D3-BF4B-00C04F79EFBC}") = "CaspianTradex", "CaspianTradex\CaspianTradex.csproj", "{2BD5872F-B4E8-4AF2-A85A-79E3C80BFD4D}"
EndProject
Global
	GlobalSection(SolutionConfigurationPlatforms) = preSolution
		Debug|Any CPU = Debug|Any CPU
		Release|Any CPU = Release|Any CPU
	EndGlobalSection
	GlobalSection(ProjectConfigurationPlatforms) = postSolution
		{2BD5872F-B4E8-4AF2-A85A-79E3C80BFD4D}.Debug|Any CPU.ActiveCfg = Debug|Any CPU
		{2BD5872F-B4E8-4AF2-A85A-79E3C80BFD4D}.Debug|Any CPU.Build.0 = Debug|Any CPU
		{2BD5872F-B4E8-4AF2-A85A-79E3C80BFD4D}.Release|Any CPU.ActiveCfg = Release|Any CPU
		{2BD5872F-B4E8-4AF2-A85A-79E3C80BFD4D}.Release|Any CPU.Build.0 = Release|Any CPU
	EndGlobalSection
	GlobalSection(SolutionProperties) = preSolution
		HideSolutionNode = FALSE
	EndGlobalSection
	GlobalSection(ExtensibilityGlobals) = postSolution
		SolutionGuid = {A1BA748F-8539-4CD9-80CE-2C82B6F1EAB7}
	EndGlobalSection
EndGlobal
